
Microsoft Visual Studio Solution File, Format Version 12.00
Project("{FAE04EC0-301F-11D3-BF4B-00C04F79EFBC}") = "UI-MVC", "UI-MVC\UI-MVC.csproj", "{A84003BB-46F9-4B2B-96FB-8D109FD82BBE}"
EndProject
Project("{FAE04EC0-301F-11D3-BF4B-00C04F79EFBC}") = "BL", "BL\BL.csproj", "{849FD5C0-D9B2-4E32-BE70-A16FA93833EB}"
EndProject
Project("{FAE04EC0-301F-11D3-BF4B-00C04F79EFBC}") = "DAL", "DAL\DAL.csproj", "{B0EB752D-9E0F-4492-87BD-151A267C5865}"
EndProject
Project("{FAE04EC0-301F-11D3-BF4B-00C04F79EFBC}") = "Domain", "Domain\Domain.csproj", "{EA27E684-021B-4C8C-A408-9A0EC576ADB2}"
EndProject
Global
	GlobalSection(SolutionConfigurationPlatforms) = preSolution
		Debug|Any CPU = Debug|Any CPU
		Release|Any CPU = Release|Any CPU
	EndGlobalSection
	GlobalSection(ProjectConfigurationPlatforms) = postSolution
		{A84003BB-46F9-4B2B-96FB-8D109FD82BBE}.Debug|Any CPU.ActiveCfg = Debug|Any CPU
		{A84003BB-46F9-4B2B-96FB-8D109FD82BBE}.Debug|Any CPU.Build.0 = Debug|Any CPU
		{A84003BB-46F9-4B2B-96FB-8D109FD82BBE}.Release|Any CPU.ActiveCfg = Release|Any CPU
		{A84003BB-46F9-4B2B-96FB-8D109FD82BBE}.Release|Any CPU.Build.0 = Release|Any CPU
		{849FD5C0-D9B2-4E32-BE70-A16FA93833EB}.Debug|Any CPU.ActiveCfg = Debug|Any CPU
		{849FD5C0-D9B2-4E32-BE70-A16FA93833EB}.Debug|Any CPU.Build.0 = Debug|Any CPU
		{849FD5C0-D9B2-4E32-BE70-A16FA93833EB}.Release|Any CPU.ActiveCfg = Release|Any CPU
		{849FD5C0-D9B2-4E32-BE70-A16FA93833EB}.Release|Any CPU.Build.0 = Release|Any CPU
		{B0EB752D-9E0F-4492-87BD-151A267C5865}.Debug|Any CPU.ActiveCfg = Debug|Any CPU
		{B0EB752D-9E0F-4492-87BD-151A267C5865}.Debug|Any CPU.Build.0 = Debug|Any CPU
		{B0EB752D-9E0F-4492-87BD-151A267C5865}.Release|Any CPU.ActiveCfg = Release|Any CPU
		{B0EB752D-9E0F-4492-87BD-151A267C5865}.Release|Any CPU.Build.0 = Release|Any CPU
		{EA27E684-021B-4C8C-A408-9A0EC576ADB2}.Debug|Any CPU.ActiveCfg = Debug|Any CPU
		{EA27E684-021B-4C8C-A408-9A0EC576ADB2}.Debug|Any CPU.Build.0 = Debug|Any CPU
		{EA27E684-021B-4C8C-A408-9A0EC576ADB2}.Release|Any CPU.ActiveCfg = Release|Any CPU
		{EA27E684-021B-4C8C-A408-9A0EC576ADB2}.Release|Any CPU.Build.0 = Release|Any CPU
	EndGlobalSection
EndGlobal
